// !$*UTF8*$!
{
	archiveVersion = 1;
	classes = {
	};
	objectVersion = 77;
	objects = {

/* Begin PBXBuildFile section */
		FE09A3512D634B0F00F94248 /* LiveKit in Frameworks */ = {isa = PBXBuildFile; productRef = FE09A3502D634B0F00F94248 /* LiveKit */; };
		FE09A3542D634B3900F94248 /* LiveKitComponents in Frameworks */ = {isa = PBXBuildFile; productRef = FE09A3532D634B3900F94248 /* LiveKitComponents */; };
		FE28BDBA2D75CDD4003AD5A2 /* ReplayKit.framework in Frameworks */ = {isa = PBXBuildFile; fileRef = FE09A4372D63935F00F94248 /* ReplayKit.framework */; };
		FE28BDC12D75CDD4003AD5A2 /* PAICast.appex in Embed Foundation Extensions */ = {isa = PBXBuildFile; fileRef = FE28BDB92D75CDD4003AD5A2 /* PAICast.appex */; settings = {ATTRIBUTES = (RemoveHeadersOnCopy, ); }; };
		FE28BDC82D76057C003AD5A2 /* LiveKit in Frameworks */ = {isa = PBXBuildFile; productRef = FE28BDC72D76057C003AD5A2 /* LiveKit */; };
		FE2FEAD02D7EEA7100555996 /* README.md in Resources */ = {isa = PBXBuildFile; fileRef = FE2FEACF2D7EEA6600555996 /* README.md */; };
		FE8304AB2D858C100003650A /* PRIVACY.md in Resources */ = {isa = PBXBuildFile; fileRef = FE8304AA2D858C0A0003650A /* PRIVACY.md */; };
/* End PBXBuildFile section */

/* Begin PBXContainerItemProxy section */
		FE28BDBF2D75CDD4003AD5A2 /* PBXContainerItemProxy */ = {
			isa = PBXContainerItemProxy;
			containerPortal = FE09A31A2D6346AC00F94248 /* Project object */;
			proxyType = 1;
			remoteGlobalIDString = FE28BDB82D75CDD4003AD5A2;
			remoteInfo = PAICast;
		};
/* End PBXContainerItemProxy section */

/* Begin PBXCopyFilesBuildPhase section */
		FE09A4402D63935F00F94248 /* Embed Foundation Extensions */ = {
			isa = PBXCopyFilesBuildPhase;
			buildActionMask = 2147483647;
			dstPath = "";
			dstSubfolderSpec = 13;
			files = (
				FE28BDC12D75CDD4003AD5A2 /* PAICast.appex in Embed Foundation Extensions */,
			);
			name = "Embed Foundation Extensions";
			runOnlyForDeploymentPostprocessing = 0;
		};
/* End PBXCopyFilesBuildPhase section */

/* Begin PBXFileReference section */
		FE09A3222D6346AC00F94248 /* PAI: Your Personal AI.app */ = {isa = PBXFileReference; explicitFileType = wrapper.application; includeInIndex = 0; path = "PAI: Your Personal AI.app"; sourceTree = BUILT_PRODUCTS_DIR; };
		FE09A4372D63935F00F94248 /* ReplayKit.framework */ = {isa = PBXFileReference; lastKnownFileType = wrapper.framework; name = ReplayKit.framework; path = System/Library/Frameworks/ReplayKit.framework; sourceTree = SDKROOT; };
		FE28BDB92D75CDD4003AD5A2 /* PAICast.appex */ = {isa = PBXFileReference; explicitFileType = "wrapper.app-extension"; includeInIndex = 0; path = PAICast.appex; sourceTree = BUILT_PRODUCTS_DIR; };
		FE2FEACF2D7EEA6600555996 /* README.md */ = {isa = PBXFileReference; lastKnownFileType = net.daringfireball.markdown; path = README.md; sourceTree = "<group>"; };
		FE8304A72D81DA3A0003650A /* PAI copy-Info.plist */ = {isa = PBXFileReference; lastKnownFileType = text.plist.xml; name = "PAI copy-Info.plist"; path = "/Users/trantrungduc/Downloads/PAI/PAI copy-Info.plist"; sourceTree = "<absolute>"; };
		FE8304AA2D858C0A0003650A /* PRIVACY.md */ = {isa = PBXFileReference; lastKnownFileType = net.daringfireball.markdown; path = PRIVACY.md; sourceTree = "<group>"; };
/* End PBXFileReference section */

/* Begin PBXFileSystemSynchronizedBuildFileExceptionSet section */
		FE09A3E62D63884200F94248 /* Exceptions for "PAI" folder in "PAI" target */ = {
			isa = PBXFileSystemSynchronizedBuildFileExceptionSet;
			membershipExceptions = (
				Info.plist,
			);
			target = FE09A3212D6346AC00F94248 /* PAI */;
		};
		FE28BDC52D75CDD4003AD5A2 /* Exceptions for "PAICast" folder in "PAICast" target */ = {
			isa = PBXFileSystemSynchronizedBuildFileExceptionSet;
			membershipExceptions = (
				Info.plist,
			);
			target = FE28BDB82D75CDD4003AD5A2 /* PAICast */;
		};
/* End PBXFileSystemSynchronizedBuildFileExceptionSet section */

/* Begin PBXFileSystemSynchronizedRootGroup section */
		FE09A3242D6346AC00F94248 /* PAI */ = {
			isa = PBXFileSystemSynchronizedRootGroup;
			exceptions = (
				FE09A3E62D63884200F94248 /* Exceptions for "PAI" folder in "PAI" target */,
			);
			path = PAI;
			sourceTree = "<group>";
		};
		FE28BDBB2D75CDD4003AD5A2 /* PAICast */ = {
			isa = PBXFileSystemSynchronizedRootGroup;
			exceptions = (
				FE28BDC52D75CDD4003AD5A2 /* Exceptions for "PAICast" folder in "PAICast" target */,
			);
			path = PAICast;
			sourceTree = "<group>";
		};
		FE2FEAD12D7EEAB700555996 /* images */ = {
			isa = PBXFileSystemSynchronizedRootGroup;
			path = images;
			sourceTree = "<group>";
		};
/* End PBXFileSystemSynchronizedRootGroup section */

/* Begin PBXFrameworksBuildPhase section */
		FE09A31F2D6346AC00F94248 /* Frameworks */ = {
			isa = PBXFrameworksBuildPhase;
			buildActionMask = 2147483647;
			files = (
				FE09A3512D634B0F00F94248 /* LiveKit in Frameworks */,
				FE09A3542D634B3900F94248 /* LiveKitComponents in Frameworks */,
			);
			runOnlyForDeploymentPostprocessing = 0;
		};
		FE28BDB62D75CDD4003AD5A2 /* Frameworks */ = {
			isa = PBXFrameworksBuildPhase;
			buildActionMask = 2147483647;
			files = (
				FE28BDBA2D75CDD4003AD5A2 /* ReplayKit.framework in Frameworks */,
				FE28BDC82D76057C003AD5A2 /* LiveKit in Frameworks */,
			);
			runOnlyForDeploymentPostprocessing = 0;
		};
/* End PBXFrameworksBuildPhase section */

/* Begin PBXGroup section */
		FE09A3192D6346AC00F94248 = {
			isa = PBXGroup;
			children = (
				FE2FEACF2D7EEA6600555996 /* README.md */,
				FE8304AA2D858C0A0003650A /* PRIVACY.md */,
				FE2FEAD12D7EEAB700555996 /* images */,
				FE09A3242D6346AC00F94248 /* PAI */,
				FE28BDBB2D75CDD4003AD5A2 /* PAICast */,
				FE09A4362D63935F00F94248 /* Frameworks */,
				FE8304A72D81DA3A0003650A /* PAI copy-Info.plist */,
				FE09A3232D6346AC00F94248 /* Products */,
			);
			sourceTree = "<group>";
		};
		FE09A3232D6346AC00F94248 /* Products */ = {
			isa = PBXGroup;
			children = (
				FE09A3222D6346AC00F94248 /* PAI: Your Personal AI.app */,
				FE28BDB92D75CDD4003AD5A2 /* PAICast.appex */,
			);
			name = Products;
			sourceTree = "<group>";
		};
		FE09A4362D63935F00F94248 /* Frameworks */ = {
			isa = PBXGroup;
			children = (
				FE09A4372D63935F00F94248 /* ReplayKit.framework */,
			);
			name = Frameworks;
			sourceTree = "<group>";
		};
/* End PBXGroup section */

/* Begin PBXNativeTarget section */
		FE09A3212D6346AC00F94248 /* PAI */ = {
			isa = PBXNativeTarget;
			buildConfigurationList = FE09A3312D6346AC00F94248 /* Build configuration list for PBXNativeTarget "PAI" */;
			buildPhases = (
				FE09A31E2D6346AC00F94248 /* Sources */,
				FE09A31F2D6346AC00F94248 /* Frameworks */,
				FE09A3202D6346AC00F94248 /* Resources */,
				FE09A4402D63935F00F94248 /* Embed Foundation Extensions */,
			);
			buildRules = (
			);
			dependencies = (
				FE28BDC02D75CDD4003AD5A2 /* PBXTargetDependency */,
			);
			fileSystemSynchronizedGroups = (
				FE09A3242D6346AC00F94248 /* PAI */,
				FE2FEAD12D7EEAB700555996 /* images */,
			);
			name = PAI;
			packageProductDependencies = (
				FE09A3502D634B0F00F94248 /* LiveKit */,
				FE09A3532D634B3900F94248 /* LiveKitComponents */,
			);
			productName = PAI;
			productReference = FE09A3222D6346AC00F94248 /* PAI: Your Personal AI.app */;
			productType = "com.apple.product-type.application";
		};
		FE28BDB82D75CDD4003AD5A2 /* PAICast */ = {
			isa = PBXNativeTarget;
			buildConfigurationList = FE28BDC22D75CDD4003AD5A2 /* Build configuration list for PBXNativeTarget "PAICast" */;
			buildPhases = (
				FE28BDB52D75CDD4003AD5A2 /* Sources */,
				FE28BDB62D75CDD4003AD5A2 /* Frameworks */,
				FE28BDB72D75CDD4003AD5A2 /* Resources */,
			);
			buildRules = (
			);
			dependencies = (
			);
			fileSystemSynchronizedGroups = (
				FE28BDBB2D75CDD4003AD5A2 /* PAICast */,
			);
			name = PAICast;
			packageProductDependencies = (
				FE28BDC72D76057C003AD5A2 /* LiveKit */,
			);
			productName = PAICast;
			productReference = FE28BDB92D75CDD4003AD5A2 /* PAICast.appex */;
			productType = "com.apple.product-type.app-extension";
		};
/* End PBXNativeTarget section */

/* Begin PBXProject section */
		FE09A31A2D6346AC00F94248 /* Project object */ = {
			isa = PBXProject;
			attributes = {
				BuildIndependentTargetsInParallel = 1;
				LastSwiftUpdateCheck = 1620;
				LastUpgradeCheck = 1620;
				TargetAttributes = {
					FE09A3212D6346AC00F94248 = {
						CreatedOnToolsVersion = 16.2;
					};
					FE28BDB82D75CDD4003AD5A2 = {
						CreatedOnToolsVersion = 16.2;
					};
				};
			};
			buildConfigurationList = FE09A31D2D6346AC00F94248 /* Build configuration list for PBXProject "PAI" */;
			developmentRegion = en;
			hasScannedForEncodings = 0;
			knownRegions = (
				en,
				Base,
			);
			mainGroup = FE09A3192D6346AC00F94248;
			minimizedProjectReferenceProxies = 1;
			packageReferences = (
				FE09A34F2D634B0F00F94248 /* XCRemoteSwiftPackageReference "client-sdk-swift" */,
				FE09A3522D634B3900F94248 /* XCRemoteSwiftPackageReference "components-swift" */,
			);
			preferredProjectObjectVersion = 77;
			productRefGroup = FE09A3232D6346AC00F94248 /* Products */;
			projectDirPath = "";
			projectRoot = "";
			targets = (
				FE09A3212D6346AC00F94248 /* PAI */,
				FE28BDB82D75CDD4003AD5A2 /* PAICast */,
			);
		};
/* End PBXProject section */

/* Begin PBXResourcesBuildPhase section */
		FE09A3202D6346AC00F94248 /* Resources */ = {
			isa = PBXResourcesBuildPhase;
			buildActionMask = 2147483647;
			files = (
				FE2FEAD02D7EEA7100555996 /* README.md in Resources */,
				FE8304AB2D858C100003650A /* PRIVACY.md in Resources */,
			);
			runOnlyForDeploymentPostprocessing = 0;
		};
		FE28BDB72D75CDD4003AD5A2 /* Resources */ = {
			isa = PBXResourcesBuildPhase;
			buildActionMask = 2147483647;
			files = (
			);
			runOnlyForDeploymentPostprocessing = 0;
		};
/* End PBXResourcesBuildPhase section */

/* Begin PBXSourcesBuildPhase section */
		FE09A31E2D6346AC00F94248 /* Sources */ = {
			isa = PBXSourcesBuildPhase;
			buildActionMask = 2147483647;
			files = (
			);
			runOnlyForDeploymentPostprocessing = 0;
		};
		FE28BDB52D75CDD4003AD5A2 /* Sources */ = {
			isa = PBXSourcesBuildPhase;
			buildActionMask = 2147483647;
			files = (
			);
			runOnlyForDeploymentPostprocessing = 0;
		};
/* End PBXSourcesBuildPhase section */

/* Begin PBXTargetDependency section */
		FE28BDC02D75CDD4003AD5A2 /* PBXTargetDependency */ = {
			isa = PBXTargetDependency;
			target = FE28BDB82D75CDD4003AD5A2 /* PAICast */;
			targetProxy = FE28BDBF2D75CDD4003AD5A2 /* PBXContainerItemProxy */;
		};
/* End PBXTargetDependency section */

/* Begin XCBuildConfiguration section */
		FE09A32F2D6346AC00F94248 /* Debug */ = {
			isa = XCBuildConfiguration;
			buildSettings = {
				ALWAYS_SEARCH_USER_PATHS = NO;
				ASSETCATALOG_COMPILER_APPICON_NAME = BroadcastIcon;
				ASSETCATALOG_COMPILER_GENERATE_SWIFT_ASSET_SYMBOL_EXTENSIONS = YES;
				CLANG_ANALYZER_NONNULL = YES;
				CLANG_ANALYZER_NUMBER_OBJECT_CONVERSION = YES_AGGRESSIVE;
				CLANG_CXX_LANGUAGE_STANDARD = "gnu++20";
				CLANG_ENABLE_MODULES = YES;
				CLANG_ENABLE_OBJC_ARC = YES;
				CLANG_ENABLE_OBJC_WEAK = YES;
				CLANG_WARN_BLOCK_CAPTURE_AUTORELEASING = YES;
				CLANG_WARN_BOOL_CONVERSION = YES;
				CLANG_WARN_COMMA = YES;
				CLANG_WARN_CONSTANT_CONVERSION = YES;
				CLANG_WARN_DEPRECATED_OBJC_IMPLEMENTATIONS = YES;
				CLANG_WARN_DIRECT_OBJC_ISA_USAGE = YES_ERROR;
				CLANG_WARN_DOCUMENTATION_COMMENTS = YES;
				CLANG_WARN_EMPTY_BODY = YES;
				CLANG_WARN_ENUM_CONVERSION = YES;
				CLANG_WARN_INFINITE_RECURSION = YES;
				CLANG_WARN_INT_CONVERSION = YES;
				CLANG_WARN_NON_LITERAL_NULL_CONVERSION = YES;
				CLANG_WARN_OBJC_IMPLICIT_RETAIN_SELF = YES;
				CLANG_WARN_OBJC_LITERAL_CONVERSION = YES;
				CLANG_WARN_OBJC_ROOT_CLASS = YES_ERROR;
				CLANG_WARN_QUOTED_INCLUDE_IN_FRAMEWORK_HEADER = YES;
				CLANG_WARN_RANGE_LOOP_ANALYSIS = YES;
				CLANG_WARN_STRICT_PROTOTYPES = YES;
				CLANG_WARN_SUSPICIOUS_MOVE = YES;
				CLANG_WARN_UNGUARDED_AVAILABILITY = YES_AGGRESSIVE;
				CLANG_WARN_UNREACHABLE_CODE = YES;
				CLANG_WARN__DUPLICATE_METHOD_MATCH = YES;
				COPY_PHASE_STRIP = NO;
				DEBUG_INFORMATION_FORMAT = dwarf;
				ENABLE_STRICT_OBJC_MSGSEND = YES;
				ENABLE_TESTABILITY = YES;
				ENABLE_USER_SCRIPT_SANDBOXING = YES;
				GCC_C_LANGUAGE_STANDARD = gnu17;
				GCC_DYNAMIC_NO_PIC = NO;
				GCC_NO_COMMON_BLOCKS = YES;
				GCC_OPTIMIZATION_LEVEL = 0;
				GCC_PREPROCESSOR_DEFINITIONS = (
					"DEBUG=1",
					"$(inherited)",
				);
				GCC_WARN_64_TO_32_BIT_CONVERSION = YES;
				GCC_WARN_ABOUT_RETURN_TYPE = YES_ERROR;
				GCC_WARN_UNDECLARED_SELECTOR = YES;
				GCC_WARN_UNINITIALIZED_AUTOS = YES_AGGRESSIVE;
				GCC_WARN_UNUSED_FUNCTION = YES;
				GCC_WARN_UNUSED_VARIABLE = YES;
				LOCALIZATION_PREFERS_STRING_CATALOGS = YES;
				MTL_ENABLE_DEBUG_INFO = INCLUDE_SOURCE;
				MTL_FAST_MATH = YES;
				ONLY_ACTIVE_ARCH = NO;
				SWIFT_ACTIVE_COMPILATION_CONDITIONS = "DEBUG $(inherited)";
				SWIFT_OPTIMIZATION_LEVEL = "-Onone";
			};
			name = Debug;
		};
		FE09A3302D6346AC00F94248 /* Release */ = {
			isa = XCBuildConfiguration;
			buildSettings = {
				ALWAYS_SEARCH_USER_PATHS = NO;
				ASSETCATALOG_COMPILER_APPICON_NAME = BroadcastIcon;
				ASSETCATALOG_COMPILER_GENERATE_SWIFT_ASSET_SYMBOL_EXTENSIONS = YES;
				CLANG_ANALYZER_NONNULL = YES;
				CLANG_ANALYZER_NUMBER_OBJECT_CONVERSION = YES_AGGRESSIVE;
				CLANG_CXX_LANGUAGE_STANDARD = "gnu++20";
				CLANG_ENABLE_MODULES = YES;
				CLANG_ENABLE_OBJC_ARC = YES;
				CLANG_ENABLE_OBJC_WEAK = YES;
				CLANG_WARN_BLOCK_CAPTURE_AUTORELEASING = YES;
				CLANG_WARN_BOOL_CONVERSION = YES;
				CLANG_WARN_COMMA = YES;
				CLANG_WARN_CONSTANT_CONVERSION = YES;
				CLANG_WARN_DEPRECATED_OBJC_IMPLEMENTATIONS = YES;
				CLANG_WARN_DIRECT_OBJC_ISA_USAGE = YES_ERROR;
				CLANG_WARN_DOCUMENTATION_COMMENTS = YES;
				CLANG_WARN_EMPTY_BODY = YES;
				CLANG_WARN_ENUM_CONVERSION = YES;
				CLANG_WARN_INFINITE_RECURSION = YES;
				CLANG_WARN_INT_CONVERSION = YES;
				CLANG_WARN_NON_LITERAL_NULL_CONVERSION = YES;
				CLANG_WARN_OBJC_IMPLICIT_RETAIN_SELF = YES;
				CLANG_WARN_OBJC_LITERAL_CONVERSION = YES;
				CLANG_WARN_OBJC_ROOT_CLASS = YES_ERROR;
				CLANG_WARN_QUOTED_INCLUDE_IN_FRAMEWORK_HEADER = YES;
				CLANG_WARN_RANGE_LOOP_ANALYSIS = YES;
				CLANG_WARN_STRICT_PROTOTYPES = YES;
				CLANG_WARN_SUSPICIOUS_MOVE = YES;
				CLANG_WARN_UNGUARDED_AVAILABILITY = YES_AGGRESSIVE;
				CLANG_WARN_UNREACHABLE_CODE = YES;
				CLANG_WARN__DUPLICATE_METHOD_MATCH = YES;
				COPY_PHASE_STRIP = NO;
				DEBUG_INFORMATION_FORMAT = "dwarf-with-dsym";
				ENABLE_NS_ASSERTIONS = NO;
				ENABLE_STRICT_OBJC_MSGSEND = YES;
				ENABLE_USER_SCRIPT_SANDBOXING = YES;
				GCC_C_LANGUAGE_STANDARD = gnu17;
				GCC_NO_COMMON_BLOCKS = YES;
				GCC_WARN_64_TO_32_BIT_CONVERSION = YES;
				GCC_WARN_ABOUT_RETURN_TYPE = YES_ERROR;
				GCC_WARN_UNDECLARED_SELECTOR = YES;
				GCC_WARN_UNINITIALIZED_AUTOS = YES_AGGRESSIVE;
				GCC_WARN_UNUSED_FUNCTION = YES;
				GCC_WARN_UNUSED_VARIABLE = YES;
				LOCALIZATION_PREFERS_STRING_CATALOGS = YES;
				MTL_ENABLE_DEBUG_INFO = NO;
				MTL_FAST_MATH = YES;
				SWIFT_COMPILATION_MODE = wholemodule;
			};
			name = Release;
		};
		FE09A3322D6346AC00F94248 /* Debug */ = {
			isa = XCBuildConfiguration;
			buildSettings = {
				ASSETCATALOG_COMPILER_APPICON_NAME = AppIcon;
				ASSETCATALOG_COMPILER_GLOBAL_ACCENT_COLOR_NAME = AccentColor;
				CODE_SIGN_ENTITLEMENTS = PAI/PAI.entitlements;
				CODE_SIGN_STYLE = Automatic;
				CURRENT_PROJECT_VERSION = 2;
				DEVELOPMENT_ASSET_PATHS = "\"PAI/Preview Content\"";
				DEVELOPMENT_TEAM = 2X2T57M7JB;
				ENABLE_HARDENED_RUNTIME = YES;
				ENABLE_PREVIEWS = YES;
				GENERATE_INFOPLIST_FILE = YES;
				INFOPLIST_FILE = PAI/Info.plist;
				INFOPLIST_KEY_LSApplicationCategoryType = "public.app-category.developer-tools";
				INFOPLIST_KEY_NSCameraUsageDescription = "Access to camera to stream video";
				INFOPLIST_KEY_NSMicrophoneUsageDescription = "Access to microphone to stream audio";
				"INFOPLIST_KEY_UIApplicationSceneManifest_Generation[sdk=iphoneos*]" = YES;
				"INFOPLIST_KEY_UIApplicationSceneManifest_Generation[sdk=iphonesimulator*]" = YES;
				INFOPLIST_KEY_UIApplicationSupportsIndirectInputEvents = YES;
				"INFOPLIST_KEY_UIApplicationSupportsIndirectInputEvents[sdk=iphoneos*]" = YES;
				"INFOPLIST_KEY_UIApplicationSupportsIndirectInputEvents[sdk=iphonesimulator*]" = YES;
				"INFOPLIST_KEY_UILaunchScreen_Generation[sdk=iphoneos*]" = YES;
				"INFOPLIST_KEY_UILaunchScreen_Generation[sdk=iphonesimulator*]" = YES;
				"INFOPLIST_KEY_UIStatusBarStyle[sdk=iphoneos*]" = UIStatusBarStyleDefault;
				"INFOPLIST_KEY_UIStatusBarStyle[sdk=iphonesimulator*]" = UIStatusBarStyleDefault;
				INFOPLIST_KEY_UISupportedInterfaceOrientations_iPad = "UIInterfaceOrientationPortrait UIInterfaceOrientationPortraitUpsideDown UIInterfaceOrientationLandscapeLeft UIInterfaceOrientationLandscapeRight";
				INFOPLIST_KEY_UISupportedInterfaceOrientations_iPhone = "UIInterfaceOrientationPortrait UIInterfaceOrientationLandscapeLeft UIInterfaceOrientationLandscapeRight";
				IPHONEOS_DEPLOYMENT_TARGET = 16.6;
				LD_RUNPATH_SEARCH_PATHS = "@executable_path/Frameworks";
				"LD_RUNPATH_SEARCH_PATHS[sdk=macosx*]" = "@executable_path/../Frameworks";
				MACOSX_DEPLOYMENT_TARGET = 15.2;
				MARKETING_VERSION = 1.0;
				PRODUCT_BUNDLE_IDENTIFIER = gallama.PAI;
				PRODUCT_NAME = "PAI: Your Personal AI";
				SDKROOT = auto;
				SUPPORTED_PLATFORMS = "iphoneos iphonesimulator";
				SUPPORTS_MACCATALYST = NO;
				SWIFT_EMIT_LOC_STRINGS = YES;
				SWIFT_VERSION = 5.0;
				TARGETED_DEVICE_FAMILY = 1;
				XROS_DEPLOYMENT_TARGET = 2.2;
			};
			name = Debug;
		};
		FE09A3332D6346AC00F94248 /* Release */ = {
			isa = XCBuildConfiguration;
			buildSettings = {
				ASSETCATALOG_COMPILER_APPICON_NAME = AppIcon;
				ASSETCATALOG_COMPILER_GLOBAL_ACCENT_COLOR_NAME = AccentColor;
				CODE_SIGN_ENTITLEMENTS = PAI/PAIRelease.entitlements;
				CODE_SIGN_STYLE = Automatic;
				CURRENT_PROJECT_VERSION = 2;
				DEVELOPMENT_ASSET_PATHS = "\"PAI/Preview Content\"";
				DEVELOPMENT_TEAM = 2X2T57M7JB;
				ENABLE_HARDENED_RUNTIME = YES;
				ENABLE_PREVIEWS = YES;
				GENERATE_INFOPLIST_FILE = YES;
				INFOPLIST_FILE = PAI/Info.plist;
				INFOPLIST_KEY_LSApplicationCategoryType = "public.app-category.developer-tools";
				INFOPLIST_KEY_NSCameraUsageDescription = "Access to camera to stream video";
				INFOPLIST_KEY_NSMicrophoneUsageDescription = "Access to microphone to stream audio";
				"INFOPLIST_KEY_UIApplicationSceneManifest_Generation[sdk=iphoneos*]" = YES;
				"INFOPLIST_KEY_UIApplicationSceneManifest_Generation[sdk=iphonesimulator*]" = YES;
				INFOPLIST_KEY_UIApplicationSupportsIndirectInputEvents = YES;
				"INFOPLIST_KEY_UIApplicationSupportsIndirectInputEvents[sdk=iphoneos*]" = YES;
				"INFOPLIST_KEY_UIApplicationSupportsIndirectInputEvents[sdk=iphonesimulator*]" = YES;
				"INFOPLIST_KEY_UILaunchScreen_Generation[sdk=iphoneos*]" = YES;
				"INFOPLIST_KEY_UILaunchScreen_Generation[sdk=iphonesimulator*]" = YES;
				"INFOPLIST_KEY_UIStatusBarStyle[sdk=iphoneos*]" = UIStatusBarStyleDefault;
				"INFOPLIST_KEY_UIStatusBarStyle[sdk=iphonesimulator*]" = UIStatusBarStyleDefault;
				INFOPLIST_KEY_UISupportedInterfaceOrientations_iPad = "UIInterfaceOrientationPortrait UIInterfaceOrientationPortraitUpsideDown UIInterfaceOrientationLandscapeLeft UIInterfaceOrientationLandscapeRight";
				INFOPLIST_KEY_UISupportedInterfaceOrientations_iPhone = "UIInterfaceOrientationPortrait UIInterfaceOrientationLandscapeLeft UIInterfaceOrientationLandscapeRight";
				IPHONEOS_DEPLOYMENT_TARGET = 16.6;
				LD_RUNPATH_SEARCH_PATHS = "@executable_path/Frameworks";
				"LD_RUNPATH_SEARCH_PATHS[sdk=macosx*]" = "@executable_path/../Frameworks";
				MACOSX_DEPLOYMENT_TARGET = 15.2;
				MARKETING_VERSION = 1.0;
				PRODUCT_BUNDLE_IDENTIFIER = gallama.PAI;
				PRODUCT_NAME = "PAI: Your Personal AI";
				SDKROOT = auto;
				SUPPORTED_PLATFORMS = "iphoneos iphonesimulator";
				SUPPORTS_MACCATALYST = NO;
				SWIFT_EMIT_LOC_STRINGS = YES;
				SWIFT_VERSION = 5.0;
				TARGETED_DEVICE_FAMILY = 1;
				XROS_DEPLOYMENT_TARGET = 2.2;
			};
			name = Release;
		};
		FE28BDC32D75CDD4003AD5A2 /* Debug */ = {
			isa = XCBuildConfiguration;
			buildSettings = {
				CODE_SIGN_ENTITLEMENTS = PAICast/PAICastRelease.entitlements;
				CODE_SIGN_STYLE = Automatic;
				CURRENT_PROJECT_VERSION = 1;
				DEVELOPMENT_TEAM = 2X2T57M7JB;
				EMBED_ASSET_PACKS_IN_PRODUCT_BUNDLE = YES;
				GENERATE_INFOPLIST_FILE = YES;
				INFOPLIST_FILE = PAICast/Info.plist;
				INFOPLIST_KEY_CFBundleDisplayName = PAI;
				INFOPLIST_KEY_NSHumanReadableCopyright = "";
				IPHONEOS_DEPLOYMENT_TARGET = 16.6;
				LD_RUNPATH_SEARCH_PATHS = (
					"$(inherited)",
					"@executable_path/Frameworks",
					"@executable_path/../../Frameworks",
				);
				MARKETING_VERSION = 1.0;
				ONLY_ACTIVE_ARCH = YES;
				PRODUCT_BUNDLE_IDENTIFIER = gallama.PAI.broadcast;
				PRODUCT_NAME = "$(TARGET_NAME)";
				SDKROOT = iphoneos;
				SKIP_INSTALL = YES;
				SWIFT_EMIT_LOC_STRINGS = YES;
				SWIFT_VERSION = 5.0;
				TARGETED_DEVICE_FAMILY = "1,2";
			};
			name = Debug;
		};
		FE28BDC42D75CDD4003AD5A2 /* Release */ = {
			isa = XCBuildConfiguration;
			buildSettings = {
				CODE_SIGN_ENTITLEMENTS = PAICast/PAICastRelease.entitlements;
				CODE_SIGN_STYLE = Automatic;
				CURRENT_PROJECT_VERSION = 1;
				DEVELOPMENT_TEAM = 2X2T57M7JB;
				EMBED_ASSET_PACKS_IN_PRODUCT_BUNDLE = YES;
				GENERATE_INFOPLIST_FILE = YES;
				INFOPLIST_FILE = PAICast/Info.plist;
				INFOPLIST_KEY_CFBundleDisplayName = PAI;
				INFOPLIST_KEY_NSHumanReadableCopyright = "";
				IPHONEOS_DEPLOYMENT_TARGET = 16.6;
				LD_RUNPATH_SEARCH_PATHS = (
					"$(inherited)",
					"@executable_path/Frameworks",
					"@executable_path/../../Frameworks",
				);
				MARKETING_VERSION = 1.0;
				PRODUCT_BUNDLE_IDENTIFIER = gallama.PAI.broadcast;
				PRODUCT_NAME = "$(TARGET_NAME)";
				SDKROOT = iphoneos;
				SKIP_INSTALL = YES;
				SWIFT_EMIT_LOC_STRINGS = YES;
				SWIFT_VERSION = 5.0;
				TARGETED_DEVICE_FAMILY = "1,2";
				VALIDATE_PRODUCT = YES;
			};
			name = Release;
		};
/* End XCBuildConfiguration section */

/* Begin XCConfigurationList section */
		FE09A31D2D6346AC00F94248 /* Build configuration list for PBXProject "PAI" */ = {
			isa = XCConfigurationList;
			buildConfigurations = (
				FE09A32F2D6346AC00F94248 /* Debug */,
				FE09A3302D6346AC00F94248 /* Release */,
			);
			defaultConfigurationIsVisible = 0;
			defaultConfigurationName = Release;
		};
		FE09A3312D6346AC00F94248 /* Build configuration list for PBXNativeTarget "PAI" */ = {
			isa = XCConfigurationList;
			buildConfigurations = (
				FE09A3322D6346AC00F94248 /* Debug */,
				FE09A3332D6346AC00F94248 /* Release */,
			);
			defaultConfigurationIsVisible = 0;
			defaultConfigurationName = Release;
		};
		FE28BDC22D75CDD4003AD5A2 /* Build configuration list for PBXNativeTarget "PAICast" */ = {
			isa = XCConfigurationList;
			buildConfigurations = (
				FE28BDC32D75CDD4003AD5A2 /* Debug */,
				FE28BDC42D75CDD4003AD5A2 /* Release */,
			);
			defaultConfigurationIsVisible = 0;
			defaultConfigurationName = Release;
		};
/* End XCConfigurationList section */

/* Begin XCRemoteSwiftPackageReference section */
		FE09A34F2D634B0F00F94248 /* XCRemoteSwiftPackageReference "client-sdk-swift" */ = {
			isa = XCRemoteSwiftPackageReference;
			repositoryURL = "https://github.com/livekit/client-sdk-swift";
			requirement = {
				kind = upToNextMajorVersion;
				minimumVersion = 2.1.0;
			};
		};
		FE09A3522D634B3900F94248 /* XCRemoteSwiftPackageReference "components-swift" */ = {
			isa = XCRemoteSwiftPackageReference;
			repositoryURL = "https://github.com/livekit/components-swift";
			requirement = {
				kind = upToNextMajorVersion;
				minimumVersion = 0.1.1;
			};
		};
/* End XCRemoteSwiftPackageReference section */

/* Begin XCSwiftPackageProductDependency section */
		FE09A3502D634B0F00F94248 /* LiveKit */ = {
			isa = XCSwiftPackageProductDependency;
			package = FE09A34F2D634B0F00F94248 /* XCRemoteSwiftPackageReference "client-sdk-swift" */;
			productName = LiveKit;
		};
		FE09A3532D634B3900F94248 /* LiveKitComponents */ = {
			isa = XCSwiftPackageProductDependency;
			package = FE09A3522D634B3900F94248 /* XCRemoteSwiftPackageReference "components-swift" */;
			productName = LiveKitComponents;
		};
		FE28BDC72D76057C003AD5A2 /* LiveKit */ = {
			isa = XCSwiftPackageProductDependency;
			package = FE09A34F2D634B0F00F94248 /* XCRemoteSwiftPackageReference "client-sdk-swift" */;
			productName = LiveKit;
		};
/* End XCSwiftPackageProductDependency section */
	};
	rootObject = FE09A31A2D6346AC00F94248 /* Project object */;
}
